// !$*UTF8*$!
{
	archiveVersion = 1;
	classes = {
	};
	objectVersion = 48;
	objects = {

/* Begin PBXBuildFile section */
		DD1CB1171F2F051100ED1832 /* UIViewController+Tracing.m in Sources */ = {isa = PBXBuildFile; fileRef = DD5B40B21F2F046D00541AE8 /* UIViewController+Tracing.m */; };
		DD1CB11D1F2F097C00ED1832 /* NSObject+JSONExtension.m in Sources */ = {isa = PBXBuildFile; fileRef = DD1CB11C1F2F097C00ED1832 /* NSObject+JSONExtension.m */; };
		DDB65F8B1F2C1B5C00CD9C83 /* AppDelegate.m in Sources */ = {isa = PBXBuildFile; fileRef = DDB65F8A1F2C1B5C00CD9C83 /* AppDelegate.m */; };
		DDB65F8E1F2C1B5C00CD9C83 /* MainViewController.m in Sources */ = {isa = PBXBuildFile; fileRef = DDB65F8D1F2C1B5C00CD9C83 /* MainViewController.m */; };
		DDB65F911F2C1B5C00CD9C83 /* Main.storyboard in Resources */ = {isa = PBXBuildFile; fileRef = DDB65F8F1F2C1B5C00CD9C83 /* Main.storyboard */; };
		DDB65F931F2C1B5C00CD9C83 /* Assets.xcassets in Resources */ = {isa = PBXBuildFile; fileRef = DDB65F921F2C1B5C00CD9C83 /* Assets.xcassets */; };
		DDB65F961F2C1B5C00CD9C83 /* LaunchScreen.storyboard in Resources */ = {isa = PBXBuildFile; fileRef = DDB65F941F2C1B5C00CD9C83 /* LaunchScreen.storyboard */; };
		DDB65F991F2C1B5C00CD9C83 /* main.m in Sources */ = {isa = PBXBuildFile; fileRef = DDB65F981F2C1B5C00CD9C83 /* main.m */; };
/* End PBXBuildFile section */

/* Begin PBXFileReference section */
		DD1CB11B1F2F097C00ED1832 /* NSObject+JSONExtension.h */ = {isa = PBXFileReference; lastKnownFileType = sourcecode.c.h; path = "NSObject+JSONExtension.h"; sourceTree = "<group>"; };
		DD1CB11C1F2F097C00ED1832 /* NSObject+JSONExtension.m */ = {isa = PBXFileReference; lastKnownFileType = sourcecode.c.objc; path = "NSObject+JSONExtension.m"; sourceTree = "<group>"; };
		DD5B40B21F2F046D00541AE8 /* UIViewController+Tracing.m */ = {isa = PBXFileReference; lastKnownFileType = sourcecode.c.objc; path = "UIViewController+Tracing.m"; sourceTree = "<group>"; };
		DD5B40B31F2F046D00541AE8 /* UIViewController+Tracing.h */ = {isa = PBXFileReference; lastKnownFileType = sourcecode.c.h; path = "UIViewController+Tracing.h"; sourceTree = "<group>"; };
		DDB65F861F2C1B5C00CD9C83 /* testApp.app */ = {isa = PBXFileReference; explicitFileType = wrapper.application; includeInIndex = 0; path = testApp.app; sourceTree = BUILT_PRODUCTS_DIR; };
		DDB65F891F2C1B5C00CD9C83 /* AppDelegate.h */ = {isa = PBXFileReference; lastKnownFileType = sourcecode.c.h; path = AppDelegate.h; sourceTree = "<group>"; };
		DDB65F8A1F2C1B5C00CD9C83 /* AppDelegate.m */ = {isa = PBXFileReference; lastKnownFileType = sourcecode.c.objc; path = AppDelegate.m; sourceTree = "<group>"; };
		DDB65F8C1F2C1B5C00CD9C83 /* MainViewController.h */ = {isa = PBXFileReference; lastKnownFileType = sourcecode.c.h; path = MainViewController.h; sourceTree = "<group>"; };
		DDB65F8D1F2C1B5C00CD9C83 /* MainViewController.m */ = {isa = PBXFileReference; lastKnownFileType = sourcecode.c.objc; path = MainViewController.m; sourceTree = "<group>"; };
		DDB65F901F2C1B5C00CD9C83 /* Base */ = {isa = PBXFileReference; lastKnownFileType = file.storyboard; name = Base; path = Base.lproj/Main.storyboard; sourceTree = "<group>"; };
		DDB65F921F2C1B5C00CD9C83 /* Assets.xcassets */ = {isa = PBXFileReference; lastKnownFileType = folder.assetcatalog; path = Assets.xcassets; sourceTree = "<group>"; };
		DDB65F951F2C1B5C00CD9C83 /* Base */ = {isa = PBXFileReference; lastKnownFileType = file.storyboard; name = Base; path = Base.lproj/LaunchScreen.storyboard; sourceTree = "<group>"; };
		DDB65F971F2C1B5C00CD9C83 /* Info.plist */ = {isa = PBXFileReference; lastKnownFileType = text.plist.xml; path = Info.plist; sourceTree = "<group>"; };
		DDB65F981F2C1B5C00CD9C83 /* main.m */ = {isa = PBXFileReference; lastKnownFileType = sourcecode.c.objc; path = main.m; sourceTree = "<group>"; };
/* End PBXFileReference section */

/* Begin PBXFrameworksBuildPhase section */
		DDB65F831F2C1B5C00CD9C83 /* Frameworks */ = {
			isa = PBXFrameworksBuildPhase;
			buildActionMask = 2147483647;
			files = (
			);
			runOnlyForDeploymentPostprocessing = 0;
		};
/* End PBXFrameworksBuildPhase section */

/* Begin PBXGroup section */
		DDB65F7D1F2C1B5C00CD9C83 = {
			isa = PBXGroup;
			children = (
				DDB65F881F2C1B5C00CD9C83 /* testApp */,
				DDB65F871F2C1B5C00CD9C83 /* Products */,
			);
			sourceTree = "<group>";
		};
		DDB65F871F2C1B5C00CD9C83 /* Products */ = {
			isa = PBXGroup;
			children = (
				DDB65F861F2C1B5C00CD9C83 /* testApp.app */,
			);
			name = Products;
			sourceTree = "<group>";
		};
		DDB65F881F2C1B5C00CD9C83 /* testApp */ = {
			isa = PBXGroup;
			children = (
				DDB65F891F2C1B5C00CD9C83 /* AppDelegate.h */,
				DDB65F8A1F2C1B5C00CD9C83 /* AppDelegate.m */,
				DDB65F8C1F2C1B5C00CD9C83 /* MainViewController.h */,
				DDB65F8D1F2C1B5C00CD9C83 /* MainViewController.m */,
				DD5B40B31F2F046D00541AE8 /* UIViewController+Tracing.h */,
				DD5B40B21F2F046D00541AE8 /* UIViewController+Tracing.m */,
				DDB65F8F1F2C1B5C00CD9C83 /* Main.storyboard */,
				DDB65F921F2C1B5C00CD9C83 /* Assets.xcassets */,
				DDB65F941F2C1B5C00CD9C83 /* LaunchScreen.storyboard */,
				DDB65F971F2C1B5C00CD9C83 /* Info.plist */,
				DDB65F981F2C1B5C00CD9C83 /* main.m */,
				DD1CB11B1F2F097C00ED1832 /* NSObject+JSONExtension.h */,
				DD1CB11C1F2F097C00ED1832 /* NSObject+JSONExtension.m */,
			);
			path = testApp;
			sourceTree = "<group>";
		};
/* End PBXGroup section */

/* Begin PBXNativeTarget section */
		DDB65F851F2C1B5C00CD9C83 /* testApp */ = {
			isa = PBXNativeTarget;
			buildConfigurationList = DDB65F9C1F2C1B5C00CD9C83 /* Build configuration list for PBXNativeTarget "testApp" */;
			buildPhases = (
				DDB65F821F2C1B5C00CD9C83 /* Sources */,
				DDB65F831F2C1B5C00CD9C83 /* Frameworks */,
				DDB65F841F2C1B5C00CD9C83 /* Resources */,
			);
			buildRules = (
			);
			dependencies = (
			);
			name = testApp;
			productName = testApp;
			productReference = DDB65F861F2C1B5C00CD9C83 /* testApp.app */;
			productType = "com.apple.product-type.application";
		};
/* End PBXNativeTarget section */

/* Begin PBXProject section */
		DDB65F7E1F2C1B5C00CD9C83 /* Project object */ = {
			isa = PBXProject;
			attributes = {
				LastUpgradeCheck = 0900;
				ORGANIZATIONNAME = "陈宇";
				TargetAttributes = {
					DDB65F851F2C1B5C00CD9C83 = {
						CreatedOnToolsVersion = 9.0;
					};
				};
			};
			buildConfigurationList = DDB65F811F2C1B5C00CD9C83 /* Build configuration list for PBXProject "testApp" */;
			compatibilityVersion = "Xcode 8.0";
			developmentRegion = en;
			hasScannedForEncodings = 0;
			knownRegions = (
				en,
				Base,
			);
			mainGroup = DDB65F7D1F2C1B5C00CD9C83;
			productRefGroup = DDB65F871F2C1B5C00CD9C83 /* Products */;
			projectDirPath = "";
			projectRoot = "";
			targets = (
				DDB65F851F2C1B5C00CD9C83 /* testApp */,
			);
		};
/* End PBXProject section */

/* Begin PBXResourcesBuildPhase section */
		DDB65F841F2C1B5C00CD9C83 /* Resources */ = {
			isa = PBXResourcesBuildPhase;
			buildActionMask = 2147483647;
			files = (
				DDB65F961F2C1B5C00CD9C83 /* LaunchScreen.storyboard in Resources */,
				DDB65F931F2C1B5C00CD9C83 /* Assets.xcassets in Resources */,
				DDB65F911F2C1B5C00CD9C83 /* Main.storyboard in Resources */,
			);
			runOnlyForDeploymentPostprocessing = 0;
		};
/* End PBXResourcesBuildPhase section */

/* Begin PBXSourcesBuildPhase section */
		DDB65F821F2C1B5C00CD9C83 /* Sources */ = {
			isa = PBXSourcesBuildPhase;
			buildActionMask = 2147483647;
			files = (
				DD1CB1171F2F051100ED1832 /* UIViewController+Tracing.m in Sources */,
				DDB65F8E1F2C1B5C00CD9C83 /* MainViewController.m in Sources */,
				DDB65F991F2C1B5C00CD9C83 /* main.m in Sources */,
				DDB65F8B1F2C1B5C00CD9C83 /* AppDelegate.m in Sources */,
				DD1CB11D1F2F097C00ED1832 /* NSObject+JSONExtension.m in Sources */,
			);
			runOnlyForDeploymentPostprocessing = 0;
		};
/* End PBXSourcesBuildPhase section */

/* Begin PBXVariantGroup section */
		DDB65F8F1F2C1B5C00CD9C83 /* Main.storyboard */ = {
			isa = PBXVariantGroup;
			children = (
				DDB65F901F2C1B5C00CD9C83 /* Base */,
			);
			name = Main.storyboard;
			sourceTree = "<group>";
		};
		DDB65F941F2C1B5C00CD9C83 /* LaunchScreen.storyboard */ = {
			isa = PBXVariantGroup;
			children = (
				DDB65F951F2C1B5C00CD9C83 /* Base */,
			);
			name = LaunchScreen.storyboard;
			sourceTree = "<group>";
		};
/* End PBXVariantGroup section */

/* Begin XCBuildConfiguration section */
		DDB65F9A1F2C1B5C00CD9C83 /* Debug */ = {
			isa = XCBuildConfiguration;
			buildSettings = {
				ALWAYS_SEARCH_USER_PATHS = NO;
				CLANG_ANALYZER_NONNULL = YES;
				CLANG_ANALYZER_NUMBER_OBJECT_CONVERSION = YES_AGGRESSIVE;
				CLANG_CXX_LANGUAGE_STANDARD = "gnu++14";
				CLANG_CXX_LIBRARY = "libc++";
				CLANG_ENABLE_MODULES = YES;
				CLANG_ENABLE_OBJC_ARC = YES;
				CLANG_WARN_BLOCK_CAPTURE_AUTORELEASING = YES;
				CLANG_WARN_BOOL_CONVERSION = YES;
				CLANG_WARN_COMMA = YES;
				CLANG_WARN_CONSTANT_CONVERSION = YES;
				CLANG_WARN_DIRECT_OBJC_ISA_USAGE = YES_ERROR;
				CLANG_WARN_DOCUMENTATION_COMMENTS = YES;
				CLANG_WARN_EMPTY_BODY = YES;
				CLANG_WARN_ENUM_CONVERSION = YES;
				CLANG_WARN_INFINITE_RECURSION = YES;
				CLANG_WARN_INT_CONVERSION = YES;
				CLANG_WARN_OBJC_ROOT_CLASS = YES_ERROR;
				CLANG_WARN_RANGE_LOOP_ANALYSIS = YES;
				CLANG_WARN_STRICT_PROTOTYPES = YES;
				CLANG_WARN_SUSPICIOUS_MOVE = YES;
				CLANG_WARN_UNGUARDED_AVAILABILITY = YES_AGGRESSIVE;
				CLANG_WARN_UNREACHABLE_CODE = YES;
				CLANG_WARN__DUPLICATE_METHOD_MATCH = YES;
				CODE_SIGN_IDENTITY = "iPhone Developer";
				COPY_PHASE_STRIP = NO;
				DEBUG_INFORMATION_FORMAT = dwarf;
				ENABLE_STRICT_OBJC_MSGSEND = YES;
				ENABLE_TESTABILITY = YES;
				GCC_C_LANGUAGE_STANDARD = gnu11;
				GCC_DYNAMIC_NO_PIC = NO;
				GCC_NO_COMMON_BLOCKS = YES;
				GCC_OPTIMIZATION_LEVEL = 0;
				GCC_PREPROCESSOR_DEFINITIONS = (
					"DEBUG=1",
					"$(inherited)",
				);
				GCC_WARN_64_TO_32_BIT_CONVERSION = YES;
				GCC_WARN_ABOUT_RETURN_TYPE = YES_ERROR;
				GCC_WARN_UNDECLARED_SELECTOR = YES;
				GCC_WARN_UNINITIALIZED_AUTOS = YES_AGGRESSIVE;
				GCC_WARN_UNUSED_FUNCTION = YES;
				GCC_WARN_UNUSED_VARIABLE = YES;
				IPHONEOS_DEPLOYMENT_TARGET = 11.0;
				MTL_ENABLE_DEBUG_INFO = YES;
				ONLY_ACTIVE_ARCH = YES;
				SDKROOT = iphoneos;
			};
			name = Debug;
		};
		DDB65F9B1F2C1B5C00CD9C83 /* Release */ = {
			isa = XCBuildConfiguration;
			buildSettings = {
				ALWAYS_SEARCH_USER_PATHS = NO;
				CLANG_ANALYZER_NONNULL = YES;
				CLANG_ANALYZER_NUMBER_OBJECT_CONVERSION = YES_AGGRESSIVE;
				CLANG_CXX_LANGUAGE_STANDARD = "gnu++14";
				CLANG_CXX_LIBRARY = "libc++";
				CLANG_ENABLE_MODULES = YES;
				CLANG_ENABLE_OBJC_ARC = YES;
				CLANG_WARN_BLOCK_CAPTURE_AUTORELEASING = YES;
				CLANG_WARN_BOOL_CONVERSION = YES;
				CLANG_WARN_COMMA = YES;
				CLANG_WARN_CONSTANT_CONVERSION = YES;
				CLANG_WARN_DIRECT_OBJC_ISA_USAGE = YES_ERROR;
				CLANG_WARN_DOCUMENTATION_COMMENTS = YES;
				CLANG_WARN_EMPTY_BODY = YES;
				CLANG_WARN_ENUM_CONVERSION = YES;
				CLANG_WARN_INFINITE_RECURSION = YES;
				CLANG_WARN_INT_CONVERSION = YES;
				CLANG_WARN_OBJC_ROOT_CLASS = YES_ERROR;
				CLANG_WARN_RANGE_LOOP_ANALYSIS = YES;
				CLANG_WARN_STRICT_PROTOTYPES = YES;
				CLANG_WARN_SUSPICIOUS_MOVE = YES;
				CLANG_WARN_UNGUARDED_AVAILABILITY = YES_AGGRESSIVE;
				CLANG_WARN_UNREACHABLE_CODE = YES;
				CLANG_WARN__DUPLICATE_METHOD_MATCH = YES;
				CODE_SIGN_IDENTITY = "iPhone Developer";
				COPY_PHASE_STRIP = NO;
				DEBUG_INFORMATION_FORMAT = "dwarf-with-dsym";
				ENABLE_NS_ASSERTIONS = NO;
				ENABLE_STRICT_OBJC_MSGSEND = YES;
				GCC_C_LANGUAGE_STANDARD = gnu11;
				GCC_NO_COMMON_BLOCKS = YES;
				GCC_WARN_64_TO_32_BIT_CONVERSION = YES;
				GCC_WARN_ABOUT_RETURN_TYPE = YES_ERROR;
				GCC_WARN_UNDECLARED_SELECTOR = YES;
				GCC_WARN_UNINITIALIZED_AUTOS = YES_AGGRESSIVE;
				GCC_WARN_UNUSED_FUNCTION = YES;
				GCC_WARN_UNUSED_VARIABLE = YES;
				IPHONEOS_DEPLOYMENT_TARGET = 11.0;
				MTL_ENABLE_DEBUG_INFO = NO;
				SDKROOT = iphoneos;
				VALIDATE_PRODUCT = YES;
			};
			name = Release;
		};
		DDB65F9D1F2C1B5C00CD9C83 /* Debug */ = {
			isa = XCBuildConfiguration;
			buildSettings = {
				ASSETCATALOG_COMPILER_APPICON_NAME = AppIcon;
				INFOPLIST_FILE = testApp/Info.plist;
				LD_RUNPATH_SEARCH_PATHS = "$(inherited) @executable_path/Frameworks";
				PRODUCT_BUNDLE_IDENTIFIER = jointem.testApp;
				PRODUCT_NAME = "$(TARGET_NAME)";
				TARGETED_DEVICE_FAMILY = "1,2";
			};
			name = Debug;
		};
		DDB65F9E1F2C1B5C00CD9C83 /* Release */ = {
			isa = XCBuildConfiguration;
			buildSettings = {
				ASSETCATALOG_COMPILER_APPICON_NAME = AppIcon;
				INFOPLIST_FILE = testApp/Info.plist;
				LD_RUNPATH_SEARCH_PATHS = "$(inherited) @executable_path/Frameworks";
				PRODUCT_BUNDLE_IDENTIFIER = jointem.testApp;
				PRODUCT_NAME = "$(TARGET_NAME)";
				TARGETED_DEVICE_FAMILY = "1,2";
			};
			name = Release;
		};
/* End XCBuildConfiguration section */

/* Begin XCConfigurationList section */
		DDB65F811F2C1B5C00CD9C83 /* Build configuration list for PBXProject "testApp" */ = {
			isa = XCConfigurationList;
			buildConfigurations = (
				DDB65F9A1F2C1B5C00CD9C83 /* Debug */,
				DDB65F9B1F2C1B5C00CD9C83 /* Release */,
			);
			defaultConfigurationIsVisible = 0;
			defaultConfigurationName = Release;
		};
		DDB65F9C1F2C1B5C00CD9C83 /* Build configuration list for PBXNativeTarget "testApp" */ = {
			isa = XCConfigurationList;
			buildConfigurations = (
				DDB65F9D1F2C1B5C00CD9C83 /* Debug */,
				DDB65F9E1F2C1B5C00CD9C83 /* Release */,
			);
			defaultConfigurationIsVisible = 0;
			defaultConfigurationName = Release;
		};
/* End XCConfigurationList section */
	};
	rootObject = DDB65F7E1F2C1B5C00CD9C83 /* Project object */;
}
